// !$*UTF8*$!
{
	archiveVersion = 1;
	classes = {
	};
	objectVersion = 55;
	objects = {

/* Begin PBXBuildFile section */
		0A323DF8285F166F00B729CE /* WeatherData.swift in Sources */ = {isa = PBXBuildFile; fileRef = 0A323DF7285F166F00B729CE /* WeatherData.swift */; };
		0A55F92828572686005E1DF3 /* signupPage.swift in Sources */ = {isa = PBXBuildFile; fileRef = 0A55F92728572686005E1DF3 /* signupPage.swift */; };
		0ABADFE528562E29000A7A5C /* iOS_final_projectApp.swift in Sources */ = {isa = PBXBuildFile; fileRef = 0ABADFE428562E29000A7A5C /* iOS_final_projectApp.swift */; };
		0ABADFE728562E29000A7A5C /* ContentView.swift in Sources */ = {isa = PBXBuildFile; fileRef = 0ABADFE628562E29000A7A5C /* ContentView.swift */; };
		0ABADFE928562E29000A7A5C /* Assets.xcassets in Resources */ = {isa = PBXBuildFile; fileRef = 0ABADFE828562E29000A7A5C /* Assets.xcassets */; };
		0ABADFEC28562E29000A7A5C /* Preview Assets.xcassets in Resources */ = {isa = PBXBuildFile; fileRef = 0ABADFEB28562E29000A7A5C /* Preview Assets.xcassets */; };
		0ABADFF628562E29000A7A5C /* iOS_final_projectTests.swift in Sources */ = {isa = PBXBuildFile; fileRef = 0ABADFF528562E29000A7A5C /* iOS_final_projectTests.swift */; };
		0ABAE00028562E2A000A7A5C /* iOS_final_projectUITests.swift in Sources */ = {isa = PBXBuildFile; fileRef = 0ABADFFF28562E2A000A7A5C /* iOS_final_projectUITests.swift */; };
		0ABAE00228562E2A000A7A5C /* iOS_final_projectUITestsLaunchTests.swift in Sources */ = {isa = PBXBuildFile; fileRef = 0ABAE00128562E2A000A7A5C /* iOS_final_projectUITestsLaunchTests.swift */; };
		0ABAE01328563849000A7A5C /* memberPage.swift in Sources */ = {isa = PBXBuildFile; fileRef = 0ABAE01228563849000A7A5C /* memberPage.swift */; };
		0ACDF5252864DC0E0066D9DB /* FirebaseAuth in Frameworks */ = {isa = PBXBuildFile; productRef = 0ACDF5242864DC0E0066D9DB /* FirebaseAuth */; };
		0ACDF5272864DC150066D9DB /* FirebaseStorage in Frameworks */ = {isa = PBXBuildFile; productRef = 0ACDF5262864DC150066D9DB /* FirebaseStorage */; };
		0ACDF5292864DC210066D9DB /* FirebaseFirestoreSwift in Frameworks */ = {isa = PBXBuildFile; productRef = 0ACDF5282864DC210066D9DB /* FirebaseFirestoreSwift */; };
		0ACDF52B2864DDAD0066D9DB /* MapPage.swift in Sources */ = {isa = PBXBuildFile; fileRef = 0ACDF52A2864DDAD0066D9DB /* MapPage.swift */; };
		0AD3B682285B88100060A154 /* loginPage.swift in Sources */ = {isa = PBXBuildFile; fileRef = 0AD3B681285B88100060A154 /* loginPage.swift */; };
		0ADF162F285C5C2D004ACE0F /* GoogleService-Info.plist in Resources */ = {isa = PBXBuildFile; fileRef = 0ADF162E285C5C2D004ACE0F /* GoogleService-Info.plist */; };
		A804FDA2285CA47100C1EBAF /* EditName.swift in Sources */ = {isa = PBXBuildFile; fileRef = A804FDA1285CA47100C1EBAF /* EditName.swift */; };
		A899F16C2866059F00514D3E /* SearchBusView.swift in Sources */ = {isa = PBXBuildFile; fileRef = A899F16B2866059F00514D3E /* SearchBusView.swift */; };
		A899F176286606ED00514D3E /* forgetPasswordView.swift in Sources */ = {isa = PBXBuildFile; fileRef = A899F175286606ED00514D3E /* forgetPasswordView.swift */; };
		A899F17D2866074200514D3E /* ImagePicker.swift in Sources */ = {isa = PBXBuildFile; fileRef = A899F17C2866074200514D3E /* ImagePicker.swift */; };
		A899F17F2866074C00514D3E /* ImageSaver.swift in Sources */ = {isa = PBXBuildFile; fileRef = A899F17E2866074C00514D3E /* ImageSaver.swift */; };
		A8A1CF6D286766EF00CDB1E1 /* tdx.swift in Sources */ = {isa = PBXBuildFile; fileRef = A8A1CF6C286766EE00CDB1E1 /* tdx.swift */; };
		A8A1CF732867FC2D00CDB1E1 /* AboutView.swift in Sources */ = {isa = PBXBuildFile; fileRef = A8A1CF722867FC2D00CDB1E1 /* AboutView.swift */; };
		A8A1CF7528680D6600CDB1E1 /* IntroduceView.swift in Sources */ = {isa = PBXBuildFile; fileRef = A8A1CF7428680D6600CDB1E1 /* IntroduceView.swift */; };
		A8A1CF772868106C00CDB1E1 /* developmentTeamView.swift in Sources */ = {isa = PBXBuildFile; fileRef = A8A1CF762868106C00CDB1E1 /* developmentTeamView.swift */; };
		A8A1CF79286810D500CDB1E1 /* functionIntroduceView.swift in Sources */ = {isa = PBXBuildFile; fileRef = A8A1CF78286810D500CDB1E1 /* functionIntroduceView.swift */; };
		A8A1CF7B286811AE00CDB1E1 /* availableModelsView.swift in Sources */ = {isa = PBXBuildFile; fileRef = A8A1CF7A286811AE00CDB1E1 /* availableModelsView.swift */; };
		A8A1CF7F286814DE00CDB1E1 /* iphone.swift in Sources */ = {isa = PBXBuildFile; fileRef = A8A1CF7E286814DE00CDB1E1 /* iphone.swift */; };
		A8A583012865E0820000CBD1 /* logoutPage.swift in Sources */ = {isa = PBXBuildFile; fileRef = A8A583002865E0820000CBD1 /* logoutPage.swift */; };
		A8BA7F692861A14800EEE786 /* homePage.swift in Sources */ = {isa = PBXBuildFile; fileRef = A8BA7F682861A14800EEE786 /* homePage.swift */; };
		A8C10EFF28694CE500E1981D /* futureFunctionView.swift in Sources */ = {isa = PBXBuildFile; fileRef = A8C10EFE28694CE500E1981D /* futureFunctionView.swift */; };
		A8C8B41E2868498D00388CCD /* nearStopRow.swift in Sources */ = {isa = PBXBuildFile; fileRef = A8C8B41D2868498D00388CCD /* nearStopRow.swift */; };
		A8C8B4222868992200388CCD /* busDetail.swift in Sources */ = {isa = PBXBuildFile; fileRef = A8C8B4212868992100388CCD /* busDetail.swift */; };
		A8C8B424286899D000388CCD /* busDetailRow.swift in Sources */ = {isa = PBXBuildFile; fileRef = A8C8B423286899D000388CCD /* busDetailRow.swift */; };
		A8C8B42628689BA400388CCD /* GoPage.swift in Sources */ = {isa = PBXBuildFile; fileRef = A8C8B42528689BA400388CCD /* GoPage.swift */; };
		A8C8B42828689BB800388CCD /* ComePage.swift in Sources */ = {isa = PBXBuildFile; fileRef = A8C8B42728689BB800388CCD /* ComePage.swift */; };
		A8C8B42A2868B25E00388CCD /* SearchResultRowView.swift in Sources */ = {isa = PBXBuildFile; fileRef = A8C8B4292868B25E00388CCD /* SearchResultRowView.swift */; };
		A8C8F139286344E400645CA2 /* UserInfor.swift in Sources */ = {isa = PBXBuildFile; fileRef = A8C8F138286344E400645CA2 /* UserInfor.swift */; };
/* End PBXBuildFile section */

/* Begin PBXContainerItemProxy section */
		0ABADFF228562E29000A7A5C /* PBXContainerItemProxy */ = {
			isa = PBXContainerItemProxy;
			containerPortal = 0ABADFD928562E28000A7A5C /* Project object */;
			proxyType = 1;
			remoteGlobalIDString = 0ABADFE028562E29000A7A5C;
			remoteInfo = iOS_final_project;
		};
		0ABADFFC28562E29000A7A5C /* PBXContainerItemProxy */ = {
			isa = PBXContainerItemProxy;
			containerPortal = 0ABADFD928562E28000A7A5C /* Project object */;
			proxyType = 1;
			remoteGlobalIDString = 0ABADFE028562E29000A7A5C;
			remoteInfo = iOS_final_project;
		};
/* End PBXContainerItemProxy section */

/* Begin PBXFileReference section */
		0A323DF7285F166F00B729CE /* WeatherData.swift */ = {isa = PBXFileReference; lastKnownFileType = sourcecode.swift; path = WeatherData.swift; sourceTree = "<group>"; };
		0A55F92728572686005E1DF3 /* signupPage.swift */ = {isa = PBXFileReference; lastKnownFileType = sourcecode.swift; path = signupPage.swift; sourceTree = "<group>"; };
		0ABADFE128562E29000A7A5C /* iOS_final_project.app */ = {isa = PBXFileReference; explicitFileType = wrapper.application; includeInIndex = 0; path = iOS_final_project.app; sourceTree = BUILT_PRODUCTS_DIR; };
		0ABADFE428562E29000A7A5C /* iOS_final_projectApp.swift */ = {isa = PBXFileReference; lastKnownFileType = sourcecode.swift; path = iOS_final_projectApp.swift; sourceTree = "<group>"; };
		0ABADFE628562E29000A7A5C /* ContentView.swift */ = {isa = PBXFileReference; lastKnownFileType = sourcecode.swift; path = ContentView.swift; sourceTree = "<group>"; };
		0ABADFE828562E29000A7A5C /* Assets.xcassets */ = {isa = PBXFileReference; lastKnownFileType = folder.assetcatalog; path = Assets.xcassets; sourceTree = "<group>"; };
		0ABADFEB28562E29000A7A5C /* Preview Assets.xcassets */ = {isa = PBXFileReference; lastKnownFileType = folder.assetcatalog; path = "Preview Assets.xcassets"; sourceTree = "<group>"; };
		0ABADFF128562E29000A7A5C /* iOS_final_projectTests.xctest */ = {isa = PBXFileReference; explicitFileType = wrapper.cfbundle; includeInIndex = 0; path = iOS_final_projectTests.xctest; sourceTree = BUILT_PRODUCTS_DIR; };
		0ABADFF528562E29000A7A5C /* iOS_final_projectTests.swift */ = {isa = PBXFileReference; lastKnownFileType = sourcecode.swift; path = iOS_final_projectTests.swift; sourceTree = "<group>"; };
		0ABADFFB28562E29000A7A5C /* iOS_final_projectUITests.xctest */ = {isa = PBXFileReference; explicitFileType = wrapper.cfbundle; includeInIndex = 0; path = iOS_final_projectUITests.xctest; sourceTree = BUILT_PRODUCTS_DIR; };
		0ABADFFF28562E2A000A7A5C /* iOS_final_projectUITests.swift */ = {isa = PBXFileReference; lastKnownFileType = sourcecode.swift; path = iOS_final_projectUITests.swift; sourceTree = "<group>"; };
		0ABAE00128562E2A000A7A5C /* iOS_final_projectUITestsLaunchTests.swift */ = {isa = PBXFileReference; lastKnownFileType = sourcecode.swift; path = iOS_final_projectUITestsLaunchTests.swift; sourceTree = "<group>"; };
		0ABAE01228563849000A7A5C /* memberPage.swift */ = {isa = PBXFileReference; lastKnownFileType = sourcecode.swift; path = memberPage.swift; sourceTree = "<group>"; };
		0ACDF52A2864DDAD0066D9DB /* MapPage.swift */ = {isa = PBXFileReference; lastKnownFileType = sourcecode.swift; path = MapPage.swift; sourceTree = "<group>"; };
		0AD3B681285B88100060A154 /* loginPage.swift */ = {isa = PBXFileReference; fileEncoding = 4; lastKnownFileType = sourcecode.swift; path = loginPage.swift; sourceTree = "<group>"; };
		0ADF162E285C5C2D004ACE0F /* GoogleService-Info.plist */ = {isa = PBXFileReference; fileEncoding = 4; lastKnownFileType = text.plist.xml; path = "GoogleService-Info.plist"; sourceTree = "<group>"; };
		A804FDA1285CA47100C1EBAF /* EditName.swift */ = {isa = PBXFileReference; lastKnownFileType = sourcecode.swift; path = EditName.swift; sourceTree = "<group>"; };
		A899F16B2866059F00514D3E /* SearchBusView.swift */ = {isa = PBXFileReference; lastKnownFileType = sourcecode.swift; path = SearchBusView.swift; sourceTree = "<group>"; };
		A899F175286606ED00514D3E /* forgetPasswordView.swift */ = {isa = PBXFileReference; fileEncoding = 4; lastKnownFileType = sourcecode.swift; name = forgetPasswordView.swift; path = iOS_final_project/forgetPasswordView.swift; sourceTree = SOURCE_ROOT; };
		A899F17C2866074200514D3E /* ImagePicker.swift */ = {isa = PBXFileReference; fileEncoding = 4; lastKnownFileType = sourcecode.swift; path = ImagePicker.swift; sourceTree = "<group>"; };
		A899F17E2866074C00514D3E /* ImageSaver.swift */ = {isa = PBXFileReference; fileEncoding = 4; lastKnownFileType = sourcecode.swift; path = ImageSaver.swift; sourceTree = "<group>"; };
		A8A1CF6C286766EE00CDB1E1 /* tdx.swift */ = {isa = PBXFileReference; fileEncoding = 4; lastKnownFileType = sourcecode.swift; path = tdx.swift; sourceTree = "<group>"; };
		A8A1CF722867FC2D00CDB1E1 /* AboutView.swift */ = {isa = PBXFileReference; lastKnownFileType = sourcecode.swift; path = AboutView.swift; sourceTree = "<group>"; };
		A8A1CF7428680D6600CDB1E1 /* IntroduceView.swift */ = {isa = PBXFileReference; lastKnownFileType = sourcecode.swift; path = IntroduceView.swift; sourceTree = "<group>"; };
		A8A1CF762868106C00CDB1E1 /* developmentTeamView.swift */ = {isa = PBXFileReference; lastKnownFileType = sourcecode.swift; path = developmentTeamView.swift; sourceTree = "<group>"; };
		A8A1CF78286810D500CDB1E1 /* functionIntroduceView.swift */ = {isa = PBXFileReference; lastKnownFileType = sourcecode.swift; path = functionIntroduceView.swift; sourceTree = "<group>"; };
		A8A1CF7A286811AE00CDB1E1 /* availableModelsView.swift */ = {isa = PBXFileReference; lastKnownFileType = sourcecode.swift; path = availableModelsView.swift; sourceTree = "<group>"; };
		A8A1CF7E286814DE00CDB1E1 /* iphone.swift */ = {isa = PBXFileReference; lastKnownFileType = sourcecode.swift; path = iphone.swift; sourceTree = "<group>"; };
		A8A583002865E0820000CBD1 /* logoutPage.swift */ = {isa = PBXFileReference; lastKnownFileType = sourcecode.swift; path = logoutPage.swift; sourceTree = "<group>"; };
		A8BA7F682861A14800EEE786 /* homePage.swift */ = {isa = PBXFileReference; lastKnownFileType = sourcecode.swift; path = homePage.swift; sourceTree = "<group>"; };
		A8C10EFE28694CE500E1981D /* futureFunctionView.swift */ = {isa = PBXFileReference; lastKnownFileType = sourcecode.swift; path = futureFunctionView.swift; sourceTree = "<group>"; };
		A8C8B41D2868498D00388CCD /* nearStopRow.swift */ = {isa = PBXFileReference; lastKnownFileType = sourcecode.swift; path = nearStopRow.swift; sourceTree = "<group>"; };
		A8C8B4212868992100388CCD /* busDetail.swift */ = {isa = PBXFileReference; lastKnownFileType = sourcecode.swift; path = busDetail.swift; sourceTree = "<group>"; };
		A8C8B423286899D000388CCD /* busDetailRow.swift */ = {isa = PBXFileReference; lastKnownFileType = sourcecode.swift; path = busDetailRow.swift; sourceTree = "<group>"; };
		A8C8B42528689BA400388CCD /* GoPage.swift */ = {isa = PBXFileReference; lastKnownFileType = sourcecode.swift; path = GoPage.swift; sourceTree = "<group>"; };
		A8C8B42728689BB800388CCD /* ComePage.swift */ = {isa = PBXFileReference; lastKnownFileType = sourcecode.swift; path = ComePage.swift; sourceTree = "<group>"; };
		A8C8B4292868B25E00388CCD /* SearchResultRowView.swift */ = {isa = PBXFileReference; lastKnownFileType = sourcecode.swift; path = SearchResultRowView.swift; sourceTree = "<group>"; };
		A8C8F138286344E400645CA2 /* UserInfor.swift */ = {isa = PBXFileReference; lastKnownFileType = sourcecode.swift; path = UserInfor.swift; sourceTree = "<group>"; };
/* End PBXFileReference section */

/* Begin PBXFrameworksBuildPhase section */
		0ABADFDE28562E29000A7A5C /* Frameworks */ = {
			isa = PBXFrameworksBuildPhase;
			buildActionMask = 2147483647;
			files = (
				0ACDF5252864DC0E0066D9DB /* FirebaseAuth in Frameworks */,
				0ACDF5272864DC150066D9DB /* FirebaseStorage in Frameworks */,
				0ACDF5292864DC210066D9DB /* FirebaseFirestoreSwift in Frameworks */,
			);
			runOnlyForDeploymentPostprocessing = 0;
		};
		0ABADFEE28562E29000A7A5C /* Frameworks */ = {
			isa = PBXFrameworksBuildPhase;
			buildActionMask = 2147483647;
			files = (
			);
			runOnlyForDeploymentPostprocessing = 0;
		};
		0ABADFF828562E29000A7A5C /* Frameworks */ = {
			isa = PBXFrameworksBuildPhase;
			buildActionMask = 2147483647;
			files = (
			);
			runOnlyForDeploymentPostprocessing = 0;
		};
/* End PBXFrameworksBuildPhase section */

/* Begin PBXGroup section */
		0ABADFD828562E28000A7A5C = {
			isa = PBXGroup;
			children = (
				0ABADFE328562E29000A7A5C /* iOS_final_project */,
				0ABADFF428562E29000A7A5C /* iOS_final_projectTests */,
				0ABADFFE28562E29000A7A5C /* iOS_final_projectUITests */,
				0ABADFE228562E29000A7A5C /* Products */,
				0ACDF5232864DC0E0066D9DB /* Frameworks */,
			);
			sourceTree = "<group>";
		};
		0ABADFE228562E29000A7A5C /* Products */ = {
			isa = PBXGroup;
			children = (
				0ABADFE128562E29000A7A5C /* iOS_final_project.app */,
				0ABADFF128562E29000A7A5C /* iOS_final_projectTests.xctest */,
				0ABADFFB28562E29000A7A5C /* iOS_final_projectUITests.xctest */,
			);
			name = Products;
			sourceTree = "<group>";
		};
		0ABADFE328562E29000A7A5C /* iOS_final_project */ = {
			isa = PBXGroup;
			children = (
				0ABADFE428562E29000A7A5C /* iOS_final_projectApp.swift */,
				0ABADFE628562E29000A7A5C /* ContentView.swift */,
				A8BA7F682861A14800EEE786 /* homePage.swift */,
				A8C10F0028694D1A00E1981D /* Introduce */,
				A899F16D2866061800514D3E /* Bus */,
				A899F1702866066600514D3E /* Weather */,
				A899F16E2866065400514D3E /* Member */,
				A899F1772866070200514D3E /* Image */,
				A899F1712866067300514D3E /* Map */,
				0ADF162E285C5C2D004ACE0F /* GoogleService-Info.plist */,
				0ABADFE828562E29000A7A5C /* Assets.xcassets */,
				0ABADFEA28562E29000A7A5C /* Preview Content */,
			);
			path = iOS_final_project;
			sourceTree = "<group>";
		};
		0ABADFEA28562E29000A7A5C /* Preview Content */ = {
			isa = PBXGroup;
			children = (
				0ABADFEB28562E29000A7A5C /* Preview Assets.xcassets */,
			);
			path = "Preview Content";
			sourceTree = "<group>";
		};
		0ABADFF428562E29000A7A5C /* iOS_final_projectTests */ = {
			isa = PBXGroup;
			children = (
				0ABADFF528562E29000A7A5C /* iOS_final_projectTests.swift */,
			);
			path = iOS_final_projectTests;
			sourceTree = "<group>";
		};
		0ABADFFE28562E29000A7A5C /* iOS_final_projectUITests */ = {
			isa = PBXGroup;
			children = (
				0ABADFFF28562E2A000A7A5C /* iOS_final_projectUITests.swift */,
				0ABAE00128562E2A000A7A5C /* iOS_final_projectUITestsLaunchTests.swift */,
			);
			path = iOS_final_projectUITests;
			sourceTree = "<group>";
		};
		0ACDF5232864DC0E0066D9DB /* Frameworks */ = {
			isa = PBXGroup;
			children = (
			);
			name = Frameworks;
			sourceTree = "<group>";
		};
		A899F16D2866061800514D3E /* Bus */ = {
			isa = PBXGroup;
			children = (
				A8C8B41D2868498D00388CCD /* nearStopRow.swift */,
				A8A1CF6C286766EE00CDB1E1 /* tdx.swift */,
				A899F16B2866059F00514D3E /* SearchBusView.swift */,
				A8C8B4212868992100388CCD /* busDetail.swift */,
				A8C8B423286899D000388CCD /* busDetailRow.swift */,
				A8C8B42528689BA400388CCD /* GoPage.swift */,
				A8C8B42728689BB800388CCD /* ComePage.swift */,
				A8C8B4292868B25E00388CCD /* SearchResultRowView.swift */,
			);
			path = Bus;
			sourceTree = "<group>";
		};
		A899F16E2866065400514D3E /* Member */ = {
			isa = PBXGroup;
			children = (
				0ABAE01228563849000A7A5C /* memberPage.swift */,
				A8A583002865E0820000CBD1 /* logoutPage.swift */,
				0AD3B681285B88100060A154 /* loginPage.swift */,
				A8C8F138286344E400645CA2 /* UserInfor.swift */,
				A804FDA1285CA47100C1EBAF /* EditName.swift */,
				A899F175286606ED00514D3E /* forgetPasswordView.swift */,
				0A55F92728572686005E1DF3 /* signupPage.swift */,
			);
			path = Member;
			sourceTree = "<group>";
		};
		A899F1702866066600514D3E /* Weather */ = {
			isa = PBXGroup;
			children = (
				0A323DF7285F166F00B729CE /* WeatherData.swift */,
			);
			path = Weather;
			sourceTree = "<group>";
		};
		A899F1712866067300514D3E /* Map */ = {
			isa = PBXGroup;
			children = (
				0ACDF52A2864DDAD0066D9DB /* MapPage.swift */,
			);
			path = Map;
			sourceTree = "<group>";
		};
		A899F1772866070200514D3E /* Image */ = {
			isa = PBXGroup;
			children = (
				A899F17E2866074C00514D3E /* ImageSaver.swift */,
				A899F17C2866074200514D3E /* ImagePicker.swift */,
			);
			path = Image;
			sourceTree = "<group>";
		};
		A8C10F0028694D1A00E1981D /* Introduce */ = {
			isa = PBXGroup;
			children = (
				A8A1CF722867FC2D00CDB1E1 /* AboutView.swift */,
				A8C10EFE28694CE500E1981D /* futureFunctionView.swift */,
				A8A1CF7A286811AE00CDB1E1 /* availableModelsView.swift */,
				A8A1CF7E286814DE00CDB1E1 /* iphone.swift */,
				A8A1CF78286810D500CDB1E1 /* functionIntroduceView.swift */,
				A8A1CF762868106C00CDB1E1 /* developmentTeamView.swift */,
				A8A1CF7428680D6600CDB1E1 /* IntroduceView.swift */,
			);
			path = Introduce;
			sourceTree = "<group>";
		};
/* End PBXGroup section */

/* Begin PBXNativeTarget section */
		0ABADFE028562E29000A7A5C /* iOS_final_project */ = {
			isa = PBXNativeTarget;
			buildConfigurationList = 0ABAE00528562E2A000A7A5C /* Build configuration list for PBXNativeTarget "iOS_final_project" */;
			buildPhases = (
				0ABADFDD28562E29000A7A5C /* Sources */,
				0ABADFDE28562E29000A7A5C /* Frameworks */,
				0ABADFDF28562E29000A7A5C /* Resources */,
			);
			buildRules = (
			);
			dependencies = (
			);
			name = iOS_final_project;
			packageProductDependencies = (
				0ACDF5242864DC0E0066D9DB /* FirebaseAuth */,
				0ACDF5262864DC150066D9DB /* FirebaseStorage */,
				0ACDF5282864DC210066D9DB /* FirebaseFirestoreSwift */,
			);
			productName = iOS_final_project;
			productReference = 0ABADFE128562E29000A7A5C /* iOS_final_project.app */;
			productType = "com.apple.product-type.application";
		};
		0ABADFF028562E29000A7A5C /* iOS_final_projectTests */ = {
			isa = PBXNativeTarget;
			buildConfigurationList = 0ABAE00828562E2A000A7A5C /* Build configuration list for PBXNativeTarget "iOS_final_projectTests" */;
			buildPhases = (
				0ABADFED28562E29000A7A5C /* Sources */,
				0ABADFEE28562E29000A7A5C /* Frameworks */,
				0ABADFEF28562E29000A7A5C /* Resources */,
			);
			buildRules = (
			);
			dependencies = (
				0ABADFF328562E29000A7A5C /* PBXTargetDependency */,
			);
			name = iOS_final_projectTests;
			productName = iOS_final_projectTests;
			productReference = 0ABADFF128562E29000A7A5C /* iOS_final_projectTests.xctest */;
			productType = "com.apple.product-type.bundle.unit-test";
		};
		0ABADFFA28562E29000A7A5C /* iOS_final_projectUITests */ = {
			isa = PBXNativeTarget;
			buildConfigurationList = 0ABAE00B28562E2A000A7A5C /* Build configuration list for PBXNativeTarget "iOS_final_projectUITests" */;
			buildPhases = (
				0ABADFF728562E29000A7A5C /* Sources */,
				0ABADFF828562E29000A7A5C /* Frameworks */,
				0ABADFF928562E29000A7A5C /* Resources */,
			);
			buildRules = (
			);
			dependencies = (
				0ABADFFD28562E29000A7A5C /* PBXTargetDependency */,
			);
			name = iOS_final_projectUITests;
			productName = iOS_final_projectUITests;
			productReference = 0ABADFFB28562E29000A7A5C /* iOS_final_projectUITests.xctest */;
			productType = "com.apple.product-type.bundle.ui-testing";
		};
/* End PBXNativeTarget section */

/* Begin PBXProject section */
		0ABADFD928562E28000A7A5C /* Project object */ = {
			isa = PBXProject;
			attributes = {
				BuildIndependentTargetsInParallel = 1;
				LastSwiftUpdateCheck = 1340;
				LastUpgradeCheck = 1340;
				TargetAttributes = {
					0ABADFE028562E29000A7A5C = {
						CreatedOnToolsVersion = 13.4;
					};
					0ABADFF028562E29000A7A5C = {
						CreatedOnToolsVersion = 13.4;
						TestTargetID = 0ABADFE028562E29000A7A5C;
					};
					0ABADFFA28562E29000A7A5C = {
						CreatedOnToolsVersion = 13.4;
						TestTargetID = 0ABADFE028562E29000A7A5C;
					};
				};
			};
			buildConfigurationList = 0ABADFDC28562E28000A7A5C /* Build configuration list for PBXProject "iOS_final_project" */;
			compatibilityVersion = "Xcode 13.0";
			developmentRegion = en;
			hasScannedForEncodings = 0;
			knownRegions = (
				en,
				Base,
			);
			mainGroup = 0ABADFD828562E28000A7A5C;
			packageReferences = (
				0ACDF51C2864DBFF0066D9DB /* XCRemoteSwiftPackageReference "firebase-ios-sdk" */,
			);
			productRefGroup = 0ABADFE228562E29000A7A5C /* Products */;
			projectDirPath = "";
			projectRoot = "";
			targets = (
				0ABADFE028562E29000A7A5C /* iOS_final_project */,
				0ABADFF028562E29000A7A5C /* iOS_final_projectTests */,
				0ABADFFA28562E29000A7A5C /* iOS_final_projectUITests */,
			);
		};
/* End PBXProject section */

/* Begin PBXResourcesBuildPhase section */
		0ABADFDF28562E29000A7A5C /* Resources */ = {
			isa = PBXResourcesBuildPhase;
			buildActionMask = 2147483647;
			files = (
				0ABADFEC28562E29000A7A5C /* Preview Assets.xcassets in Resources */,
				0ABADFE928562E29000A7A5C /* Assets.xcassets in Resources */,
				0ADF162F285C5C2D004ACE0F /* GoogleService-Info.plist in Resources */,
			);
			runOnlyForDeploymentPostprocessing = 0;
		};
		0ABADFEF28562E29000A7A5C /* Resources */ = {
			isa = PBXResourcesBuildPhase;
			buildActionMask = 2147483647;
			files = (
			);
			runOnlyForDeploymentPostprocessing = 0;
		};
		0ABADFF928562E29000A7A5C /* Resources */ = {
			isa = PBXResourcesBuildPhase;
			buildActionMask = 2147483647;
			files = (
			);
			runOnlyForDeploymentPostprocessing = 0;
		};
/* End PBXResourcesBuildPhase section */

/* Begin PBXSourcesBuildPhase section */
		0ABADFDD28562E29000A7A5C /* Sources */ = {
			isa = PBXSourcesBuildPhase;
			buildActionMask = 2147483647;
			files = (
				A804FDA2285CA47100C1EBAF /* EditName.swift in Sources */,
				0ABAE01328563849000A7A5C /* memberPage.swift in Sources */,
				A8C8F139286344E400645CA2 /* UserInfor.swift in Sources */,
				A8C8B4222868992200388CCD /* busDetail.swift in Sources */,
				0ACDF52B2864DDAD0066D9DB /* MapPage.swift in Sources */,
				A8A1CF732867FC2D00CDB1E1 /* AboutView.swift in Sources */,
				0ABADFE728562E29000A7A5C /* ContentView.swift in Sources */,
				0AD3B682285B88100060A154 /* loginPage.swift in Sources */,
				0ABADFE528562E29000A7A5C /* iOS_final_projectApp.swift in Sources */,
				A8C8B41E2868498D00388CCD /* nearStopRow.swift in Sources */,
				A8A1CF6D286766EF00CDB1E1 /* tdx.swift in Sources */,
				A8A1CF79286810D500CDB1E1 /* functionIntroduceView.swift in Sources */,
				A8C8B42A2868B25E00388CCD /* SearchResultRowView.swift in Sources */,
				A899F176286606ED00514D3E /* forgetPasswordView.swift in Sources */,
				A899F16C2866059F00514D3E /* SearchBusView.swift in Sources */,
				A8C8B42828689BB800388CCD /* ComePage.swift in Sources */,
				0A323DF8285F166F00B729CE /* WeatherData.swift in Sources */,
				A8C8B424286899D000388CCD /* busDetailRow.swift in Sources */,
				0A55F92828572686005E1DF3 /* signupPage.swift in Sources */,
				A8A1CF7F286814DE00CDB1E1 /* iphone.swift in Sources */,
				A899F17D2866074200514D3E /* ImagePicker.swift in Sources */,
				A8A583012865E0820000CBD1 /* logoutPage.swift in Sources */,
				A8A1CF7528680D6600CDB1E1 /* IntroduceView.swift in Sources */,
				A8A1CF7B286811AE00CDB1E1 /* availableModelsView.swift in Sources */,
				A8C10EFF28694CE500E1981D /* futureFunctionView.swift in Sources */,
				A8C8B42628689BA400388CCD /* GoPage.swift in Sources */,
				A8A1CF772868106C00CDB1E1 /* developmentTeamView.swift in Sources */,
				A8BA7F692861A14800EEE786 /* homePage.swift in Sources */,
				A899F17F2866074C00514D3E /* ImageSaver.swift in Sources */,
			);
			runOnlyForDeploymentPostprocessing = 0;
		};
		0ABADFED28562E29000A7A5C /* Sources */ = {
			isa = PBXSourcesBuildPhase;
			buildActionMask = 2147483647;
			files = (
				0ABADFF628562E29000A7A5C /* iOS_final_projectTests.swift in Sources */,
			);
			runOnlyForDeploymentPostprocessing = 0;
		};
		0ABADFF728562E29000A7A5C /* Sources */ = {
			isa = PBXSourcesBuildPhase;
			buildActionMask = 2147483647;
			files = (
				0ABAE00028562E2A000A7A5C /* iOS_final_projectUITests.swift in Sources */,
				0ABAE00228562E2A000A7A5C /* iOS_final_projectUITestsLaunchTests.swift in Sources */,
			);
			runOnlyForDeploymentPostprocessing = 0;
		};
/* End PBXSourcesBuildPhase section */

/* Begin PBXTargetDependency section */
		0ABADFF328562E29000A7A5C /* PBXTargetDependency */ = {
			isa = PBXTargetDependency;
			target = 0ABADFE028562E29000A7A5C /* iOS_final_project */;
			targetProxy = 0ABADFF228562E29000A7A5C /* PBXContainerItemProxy */;
		};
		0ABADFFD28562E29000A7A5C /* PBXTargetDependency */ = {
			isa = PBXTargetDependency;
			target = 0ABADFE028562E29000A7A5C /* iOS_final_project */;
			targetProxy = 0ABADFFC28562E29000A7A5C /* PBXContainerItemProxy */;
		};
/* End PBXTargetDependency section */

/* Begin XCBuildConfiguration section */
		0ABAE00328562E2A000A7A5C /* Debug */ = {
			isa = XCBuildConfiguration;
			buildSettings = {
				ALWAYS_SEARCH_USER_PATHS = NO;
				CLANG_ANALYZER_NONNULL = YES;
				CLANG_ANALYZER_NUMBER_OBJECT_CONVERSION = YES_AGGRESSIVE;
				CLANG_CXX_LANGUAGE_STANDARD = "gnu++17";
				CLANG_ENABLE_MODULES = YES;
				CLANG_ENABLE_OBJC_ARC = YES;
				CLANG_ENABLE_OBJC_WEAK = YES;
				CLANG_WARN_BLOCK_CAPTURE_AUTORELEASING = YES;
				CLANG_WARN_BOOL_CONVERSION = YES;
				CLANG_WARN_COMMA = YES;
				CLANG_WARN_CONSTANT_CONVERSION = YES;
				CLANG_WARN_DEPRECATED_OBJC_IMPLEMENTATIONS = YES;
				CLANG_WARN_DIRECT_OBJC_ISA_USAGE = YES_ERROR;
				CLANG_WARN_DOCUMENTATION_COMMENTS = YES;
				CLANG_WARN_EMPTY_BODY = YES;
				CLANG_WARN_ENUM_CONVERSION = YES;
				CLANG_WARN_INFINITE_RECURSION = YES;
				CLANG_WARN_INT_CONVERSION = YES;
				CLANG_WARN_NON_LITERAL_NULL_CONVERSION = YES;
				CLANG_WARN_OBJC_IMPLICIT_RETAIN_SELF = YES;
				CLANG_WARN_OBJC_LITERAL_CONVERSION = YES;
				CLANG_WARN_OBJC_ROOT_CLASS = YES_ERROR;
				CLANG_WARN_QUOTED_INCLUDE_IN_FRAMEWORK_HEADER = YES;
				CLANG_WARN_RANGE_LOOP_ANALYSIS = YES;
				CLANG_WARN_STRICT_PROTOTYPES = YES;
				CLANG_WARN_SUSPICIOUS_MOVE = YES;
				CLANG_WARN_UNGUARDED_AVAILABILITY = YES_AGGRESSIVE;
				CLANG_WARN_UNREACHABLE_CODE = YES;
				CLANG_WARN__DUPLICATE_METHOD_MATCH = YES;
				COPY_PHASE_STRIP = NO;
				DEBUG_INFORMATION_FORMAT = dwarf;
				ENABLE_STRICT_OBJC_MSGSEND = YES;
				ENABLE_TESTABILITY = YES;
				GCC_C_LANGUAGE_STANDARD = gnu11;
				GCC_DYNAMIC_NO_PIC = NO;
				GCC_NO_COMMON_BLOCKS = YES;
				GCC_OPTIMIZATION_LEVEL = 0;
				GCC_PREPROCESSOR_DEFINITIONS = (
					"DEBUG=1",
					"$(inherited)",
				);
				GCC_WARN_64_TO_32_BIT_CONVERSION = YES;
				GCC_WARN_ABOUT_RETURN_TYPE = YES_ERROR;
				GCC_WARN_UNDECLARED_SELECTOR = YES;
				GCC_WARN_UNINITIALIZED_AUTOS = YES_AGGRESSIVE;
				GCC_WARN_UNUSED_FUNCTION = YES;
				GCC_WARN_UNUSED_VARIABLE = YES;
				IPHONEOS_DEPLOYMENT_TARGET = 15.5;
				MTL_ENABLE_DEBUG_INFO = INCLUDE_SOURCE;
				MTL_FAST_MATH = YES;
				ONLY_ACTIVE_ARCH = YES;
				SDKROOT = iphoneos;
				SWIFT_ACTIVE_COMPILATION_CONDITIONS = DEBUG;
				SWIFT_OPTIMIZATION_LEVEL = "-Onone";
			};
			name = Debug;
		};
		0ABAE00428562E2A000A7A5C /* Release */ = {
			isa = XCBuildConfiguration;
			buildSettings = {
				ALWAYS_SEARCH_USER_PATHS = NO;
				CLANG_ANALYZER_NONNULL = YES;
				CLANG_ANALYZER_NUMBER_OBJECT_CONVERSION = YES_AGGRESSIVE;
				CLANG_CXX_LANGUAGE_STANDARD = "gnu++17";
				CLANG_ENABLE_MODULES = YES;
				CLANG_ENABLE_OBJC_ARC = YES;
				CLANG_ENABLE_OBJC_WEAK = YES;
				CLANG_WARN_BLOCK_CAPTURE_AUTORELEASING = YES;
				CLANG_WARN_BOOL_CONVERSION = YES;
				CLANG_WARN_COMMA = YES;
				CLANG_WARN_CONSTANT_CONVERSION = YES;
				CLANG_WARN_DEPRECATED_OBJC_IMPLEMENTATIONS = YES;
				CLANG_WARN_DIRECT_OBJC_ISA_USAGE = YES_ERROR;
				CLANG_WARN_DOCUMENTATION_COMMENTS = YES;
				CLANG_WARN_EMPTY_BODY = YES;
				CLANG_WARN_ENUM_CONVERSION = YES;
				CLANG_WARN_INFINITE_RECURSION = YES;
				CLANG_WARN_INT_CONVERSION = YES;
				CLANG_WARN_NON_LITERAL_NULL_CONVERSION = YES;
				CLANG_WARN_OBJC_IMPLICIT_RETAIN_SELF = YES;
				CLANG_WARN_OBJC_LITERAL_CONVERSION = YES;
				CLANG_WARN_OBJC_ROOT_CLASS = YES_ERROR;
				CLANG_WARN_QUOTED_INCLUDE_IN_FRAMEWORK_HEADER = YES;
				CLANG_WARN_RANGE_LOOP_ANALYSIS = YES;
				CLANG_WARN_STRICT_PROTOTYPES = YES;
				CLANG_WARN_SUSPICIOUS_MOVE = YES;
				CLANG_WARN_UNGUARDED_AVAILABILITY = YES_AGGRESSIVE;
				CLANG_WARN_UNREACHABLE_CODE = YES;
				CLANG_WARN__DUPLICATE_METHOD_MATCH = YES;
				COPY_PHASE_STRIP = NO;
				DEBUG_INFORMATION_FORMAT = "dwarf-with-dsym";
				ENABLE_NS_ASSERTIONS = NO;
				ENABLE_STRICT_OBJC_MSGSEND = YES;
				GCC_C_LANGUAGE_STANDARD = gnu11;
				GCC_NO_COMMON_BLOCKS = YES;
				GCC_WARN_64_TO_32_BIT_CONVERSION = YES;
				GCC_WARN_ABOUT_RETURN_TYPE = YES_ERROR;
				GCC_WARN_UNDECLARED_SELECTOR = YES;
				GCC_WARN_UNINITIALIZED_AUTOS = YES_AGGRESSIVE;
				GCC_WARN_UNUSED_FUNCTION = YES;
				GCC_WARN_UNUSED_VARIABLE = YES;
				IPHONEOS_DEPLOYMENT_TARGET = 15.5;
				MTL_ENABLE_DEBUG_INFO = NO;
				MTL_FAST_MATH = YES;
				SDKROOT = iphoneos;
				SWIFT_COMPILATION_MODE = wholemodule;
				SWIFT_OPTIMIZATION_LEVEL = "-O";
				VALIDATE_PRODUCT = YES;
			};
			name = Release;
		};
		0ABAE00628562E2A000A7A5C /* Debug */ = {
			isa = XCBuildConfiguration;
			buildSettings = {
				ASSETCATALOG_COMPILER_APPICON_NAME = AppIcon;
				ASSETCATALOG_COMPILER_GLOBAL_ACCENT_COLOR_NAME = AccentColor;
				CODE_SIGN_STYLE = Automatic;
				CURRENT_PROJECT_VERSION = 1;
				DEVELOPMENT_ASSET_PATHS = "\"iOS_final_project/Preview Content\"";
				DEVELOPMENT_TEAM = RA3U2S364M;
				ENABLE_PREVIEWS = YES;
				GENERATE_INFOPLIST_FILE = YES;
				INFOPLIST_KEY_NSLocationWhenInUseUsageDescription = "This app need your location";
				INFOPLIST_KEY_UIApplicationSceneManifest_Generation = YES;
				INFOPLIST_KEY_UIApplicationSupportsIndirectInputEvents = YES;
				INFOPLIST_KEY_UILaunchScreen_Generation = YES;
				INFOPLIST_KEY_UISupportedInterfaceOrientations_iPad = "UIInterfaceOrientationPortrait UIInterfaceOrientationPortraitUpsideDown UIInterfaceOrientationLandscapeLeft UIInterfaceOrientationLandscapeRight";
				INFOPLIST_KEY_UISupportedInterfaceOrientations_iPhone = "UIInterfaceOrientationPortrait UIInterfaceOrientationLandscapeLeft UIInterfaceOrientationLandscapeRight";
				LD_RUNPATH_SEARCH_PATHS = (
					"$(inherited)",
					"@executable_path/Frameworks",
				);
				MARKETING_VERSION = 1.0;
				PRODUCT_BUNDLE_IDENTIFIER = "ntut-ios-develop.iOS-final-project";
				PRODUCT_NAME = "$(TARGET_NAME)";
				SWIFT_EMIT_LOC_STRINGS = YES;
				SWIFT_VERSION = 5.0;
				TARGETED_DEVICE_FAMILY = "1,2";
			};
			name = Debug;
		};
		0ABAE00728562E2A000A7A5C /* Release */ = {
			isa = XCBuildConfiguration;
			buildSettings = {
				ASSETCATALOG_COMPILER_APPICON_NAME = AppIcon;
				ASSETCATALOG_COMPILER_GLOBAL_ACCENT_COLOR_NAME = AccentColor;
				CODE_SIGN_STYLE = Automatic;
				CURRENT_PROJECT_VERSION = 1;
				DEVELOPMENT_ASSET_PATHS = "\"iOS_final_project/Preview Content\"";
				DEVELOPMENT_TEAM = RA3U2S364M;
				ENABLE_PREVIEWS = YES;
				GENERATE_INFOPLIST_FILE = YES;
				INFOPLIST_KEY_NSLocationWhenInUseUsageDescription = "This app need your location";
				INFOPLIST_KEY_UIApplicationSceneManifest_Generation = YES;
				INFOPLIST_KEY_UIApplicationSupportsIndirectInputEvents = YES;
				INFOPLIST_KEY_UILaunchScreen_Generation = YES;
				INFOPLIST_KEY_UISupportedInterfaceOrientations_iPad = "UIInterfaceOrientationPortrait UIInterfaceOrientationPortraitUpsideDown UIInterfaceOrientationLandscapeLeft UIInterfaceOrientationLandscapeRight";
				INFOPLIST_KEY_UISupportedInterfaceOrientations_iPhone = "UIInterfaceOrientationPortrait UIInterfaceOrientationLandscapeLeft UIInterfaceOrientationLandscapeRight";
				LD_RUNPATH_SEARCH_PATHS = (
					"$(inherited)",
					"@executable_path/Frameworks",
				);
				MARKETING_VERSION = 1.0;
				PRODUCT_BUNDLE_IDENTIFIER = "ntut-ios-develop.iOS-final-project";
				PRODUCT_NAME = "$(TARGET_NAME)";
				SWIFT_EMIT_LOC_STRINGS = YES;
				SWIFT_VERSION = 5.0;
				TARGETED_DEVICE_FAMILY = "1,2";
			};
			name = Release;
		};
		0ABAE00928562E2A000A7A5C /* Debug */ = {
			isa = XCBuildConfiguration;
			buildSettings = {
				ALWAYS_EMBED_SWIFT_STANDARD_LIBRARIES = YES;
				BUNDLE_LOADER = "$(TEST_HOST)";
				CODE_SIGN_STYLE = Automatic;
				CURRENT_PROJECT_VERSION = 1;
				DEVELOPMENT_TEAM = WNPQVXF7H9;
				GENERATE_INFOPLIST_FILE = YES;
				IPHONEOS_DEPLOYMENT_TARGET = 15.5;
				MARKETING_VERSION = 1.0;
				PRODUCT_BUNDLE_IDENTIFIER = "ntut-ios-develop.iOS-final-projectTests";
				PRODUCT_NAME = "$(TARGET_NAME)";
				SWIFT_EMIT_LOC_STRINGS = NO;
				SWIFT_VERSION = 5.0;
				TARGETED_DEVICE_FAMILY = "1,2";
				TEST_HOST = "$(BUILT_PRODUCTS_DIR)/iOS_final_project.app/iOS_final_project";
			};
			name = Debug;
		};
		0ABAE00A28562E2A000A7A5C /* Release */ = {
			isa = XCBuildConfiguration;
			buildSettings = {
				ALWAYS_EMBED_SWIFT_STANDARD_LIBRARIES = YES;
				BUNDLE_LOADER = "$(TEST_HOST)";
				CODE_SIGN_STYLE = Automatic;
				CURRENT_PROJECT_VERSION = 1;
				DEVELOPMENT_TEAM = WNPQVXF7H9;
				GENERATE_INFOPLIST_FILE = YES;
				IPHONEOS_DEPLOYMENT_TARGET = 15.5;
				MARKETING_VERSION = 1.0;
				PRODUCT_BUNDLE_IDENTIFIER = "ntut-ios-develop.iOS-final-projectTests";
				PRODUCT_NAME = "$(TARGET_NAME)";
				SWIFT_EMIT_LOC_STRINGS = NO;
				SWIFT_VERSION = 5.0;
				TARGETED_DEVICE_FAMILY = "1,2";
				TEST_HOST = "$(BUILT_PRODUCTS_DIR)/iOS_final_project.app/iOS_final_project";
			};
			name = Release;
		};
		0ABAE00C28562E2A000A7A5C /* Debug */ = {
			isa = XCBuildConfiguration;
			buildSettings = {
				ALWAYS_EMBED_SWIFT_STANDARD_LIBRARIES = YES;
				CODE_SIGN_STYLE = Automatic;
				CURRENT_PROJECT_VERSION = 1;
				DEVELOPMENT_TEAM = WNPQVXF7H9;
				GENERATE_INFOPLIST_FILE = YES;
				MARKETING_VERSION = 1.0;
				PRODUCT_BUNDLE_IDENTIFIER = "ntut-ios-develop.iOS-final-projectUITests";
				PRODUCT_NAME = "$(TARGET_NAME)";
				SWIFT_EMIT_LOC_STRINGS = NO;
				SWIFT_VERSION = 5.0;
				TARGETED_DEVICE_FAMILY = "1,2";
				TEST_TARGET_NAME = iOS_final_project;
			};
			name = Debug;
		};
		0ABAE00D28562E2A000A7A5C /* Release */ = {
			isa = XCBuildConfiguration;
			buildSettings = {
				ALWAYS_EMBED_SWIFT_STANDARD_LIBRARIES = YES;
				CODE_SIGN_STYLE = Automatic;
				CURRENT_PROJECT_VERSION = 1;
				DEVELOPMENT_TEAM = WNPQVXF7H9;
				GENERATE_INFOPLIST_FILE = YES;
				MARKETING_VERSION = 1.0;
				PRODUCT_BUNDLE_IDENTIFIER = "ntut-ios-develop.iOS-final-projectUITests";
				PRODUCT_NAME = "$(TARGET_NAME)";
				SWIFT_EMIT_LOC_STRINGS = NO;
				SWIFT_VERSION = 5.0;
				TARGETED_DEVICE_FAMILY = "1,2";
				TEST_TARGET_NAME = iOS_final_project;
			};
			name = Release;
		};
/* End XCBuildConfiguration section */

/* Begin XCConfigurationList section */
		0ABADFDC28562E28000A7A5C /* Build configuration list for PBXProject "iOS_final_project" */ = {
			isa = XCConfigurationList;
			buildConfigurations = (
				0ABAE00328562E2A000A7A5C /* Debug */,
				0ABAE00428562E2A000A7A5C /* Release */,
			);
			defaultConfigurationIsVisible = 0;
			defaultConfigurationName = Release;
		};
		0ABAE00528562E2A000A7A5C /* Build configuration list for PBXNativeTarget "iOS_final_project" */ = {
			isa = XCConfigurationList;
			buildConfigurations = (
				0ABAE00628562E2A000A7A5C /* Debug */,
				0ABAE00728562E2A000A7A5C /* Release */,
			);
			defaultConfigurationIsVisible = 0;
			defaultConfigurationName = Release;
		};
		0ABAE00828562E2A000A7A5C /* Build configuration list for PBXNativeTarget "iOS_final_projectTests" */ = {
			isa = XCConfigurationList;
			buildConfigurations = (
				0ABAE00928562E2A000A7A5C /* Debug */,
				0ABAE00A28562E2A000A7A5C /* Release */,
			);
			defaultConfigurationIsVisible = 0;
			defaultConfigurationName = Release;
		};
		0ABAE00B28562E2A000A7A5C /* Build configuration list for PBXNativeTarget "iOS_final_projectUITests" */ = {
			isa = XCConfigurationList;
			buildConfigurations = (
				0ABAE00C28562E2A000A7A5C /* Debug */,
				0ABAE00D28562E2A000A7A5C /* Release */,
			);
			defaultConfigurationIsVisible = 0;
			defaultConfigurationName = Release;
		};
/* End XCConfigurationList section */

/* Begin XCRemoteSwiftPackageReference section */
		0ACDF51C2864DBFF0066D9DB /* XCRemoteSwiftPackageReference "firebase-ios-sdk" */ = {
			isa = XCRemoteSwiftPackageReference;
			repositoryURL = "https://github.com/firebase/firebase-ios-sdk";
			requirement = {
				branch = master;
				kind = branch;
			};
		};
/* End XCRemoteSwiftPackageReference section */

/* Begin XCSwiftPackageProductDependency section */
		0ACDF5242864DC0E0066D9DB /* FirebaseAuth */ = {
			isa = XCSwiftPackageProductDependency;
			package = 0ACDF51C2864DBFF0066D9DB /* XCRemoteSwiftPackageReference "firebase-ios-sdk" */;
			productName = FirebaseAuth;
		};
		0ACDF5262864DC150066D9DB /* FirebaseStorage */ = {
			isa = XCSwiftPackageProductDependency;
			package = 0ACDF51C2864DBFF0066D9DB /* XCRemoteSwiftPackageReference "firebase-ios-sdk" */;
			productName = FirebaseStorage;
		};
		0ACDF5282864DC210066D9DB /* FirebaseFirestoreSwift */ = {
			isa = XCSwiftPackageProductDependency;
			package = 0ACDF51C2864DBFF0066D9DB /* XCRemoteSwiftPackageReference "firebase-ios-sdk" */;
			productName = FirebaseFirestoreSwift;
		};
/* End XCSwiftPackageProductDependency section */
	};
	rootObject = 0ABADFD928562E28000A7A5C /* Project object */;
}
